
Microsoft Visual Studio Solution File, Format Version 12.00
# Visual Studio Version 17
VisualStudioVersion = 17.8.34330.188
MinimumVisualStudioVersion = 10.0.40219.1
Project("{9A19103F-16F7-4668-BE54-9A1E7A4F7556}") = "FruitKarate", "FruitKarate.csproj", "{F58F69BC-B84D-414E-AD17-4D182690EF93}"
EndProject
Global
	GlobalSection(SolutionConfigurationPlatforms) = preSolution
		Debug|Any CPU = Debug|Any CPU
		Release|Any CPU = Release|Any CPU
	EndGlobalSection
	GlobalSection(ProjectConfigurationPlatforms) = postSolution
		{F58F69BC-B84D-414E-AD17-4D182690EF93}.Debug|Any CPU.ActiveCfg = Debug|Any CPU
		{F58F69BC-B84D-414E-AD17-4D182690EF93}.Debug|Any CPU.Build.0 = Debug|Any CPU
		{F58F69BC-B84D-414E-AD17-4D182690EF93}.Release|Any CPU.ActiveCfg = Release|Any CPU
		{F58F69BC-B84D-414E-AD17-4D182690EF93}.Release|Any CPU.Build.0 = Release|Any CPU
	EndGlobalSection
	GlobalSection(SolutionProperties) = preSolution
		HideSolutionNode = FALSE
	EndGlobalSection
	GlobalSection(ExtensibilityGlobals) = postSolution
		SolutionGuid = {C92B9B59-897C-4805-8571-FFD11039A83E}
	EndGlobalSection
EndGlobal
